
Microsoft Visual Studio Solution File, Format Version 12.00
# Visual Studio Version 17
VisualStudioVersion = 17.1.32228.430
MinimumVisualStudioVersion = 10.0.40219.1
Project("{9A19103F-16F7-4668-BE54-9A1E7A4F7556}") = "JurChat.Presentation.App", "JurChat.Client\JurChat.Presentation.App.csproj", "{9EAA115F-B423-42D7-8602-81F477323975}"
EndProject
Project("{9A19103F-16F7-4668-BE54-9A1E7A4F7556}") = "JurChat.Presentation.Client.UI", "JurChat.Client.UI\JurChat.Presentation.Client.UI.csproj", "{6973D5EE-9615-409F-924D-BBABF46AD231}"
EndProject
Project("{9A19103F-16F7-4668-BE54-9A1E7A4F7556}") = "JurChat.Presentation.Client.UI.Controls", "JurChat.Client.UI.Controls\JurChat.Presentation.Client.UI.Controls.csproj", "{B9F11FD4-29DB-46C1-AFA2-7EB17EE5F6AF}"
EndProject
Project("{2150E333-8FDC-42A3-9474-1A3956D46DE8}") = "Client", "Client", "{102F0552-6FA3-48C7-B52D-211128073B2C}"
EndProject
Project("{2150E333-8FDC-42A3-9474-1A3956D46DE8}") = "Server", "Server", "{E3B44980-1980-4F84-8074-902E1C620BF6}"
EndProject
Project("{9A19103F-16F7-4668-BE54-9A1E7A4F7556}") = "JurChat.Web", "JurChat.Server\JurChat.Web.csproj", "{B7C07AA7-48C6-46D4-BFC6-7F35B8ABEF2D}"
	ProjectSection(ProjectDependencies) = postProject
		{60AF23E2-90FA-493C-A195-7445AEEC543B} = {60AF23E2-90FA-493C-A195-7445AEEC543B}
	EndProjectSection
EndProject
Project("{2150E333-8FDC-42A3-9474-1A3956D46DE8}") = "Domain", "Domain", "{89C923C0-6A5E-4F93-A394-8357C42165AD}"
EndProject
Project("{9A19103F-16F7-4668-BE54-9A1E7A4F7556}") = "JurChat.Domain.Entities", "JurChat.Domain.Entities\JurChat.Domain.Entities.csproj", "{5599A60C-99DC-41DD-A4EA-05D4CF8579E4}"
EndProject
Project("{2150E333-8FDC-42A3-9474-1A3956D46DE8}") = "Infrastructure", "Infrastructure", "{0B3A8409-F217-418F-9FA4-41AECE8400AA}"
EndProject
Project("{9A19103F-16F7-4668-BE54-9A1E7A4F7556}") = "JurChat.Server.Infrastructure.EntityFramework", "JurChat.Server.Infrastructure.EntityFraemwork\JurChat.Server.Infrastructure.EntityFramework.csproj", "{60AF23E2-90FA-493C-A195-7445AEEC543B}"
EndProject
Project("{9A19103F-16F7-4668-BE54-9A1E7A4F7556}") = "JurChat.Server.Infrastructure.Repositories.Implementations", "JurChat.Server.Infrastructure.Repositories.Implementations\JurChat.Server.Infrastructure.Repositories.Implementations.csproj", "{F7576A32-AF81-4868-85C3-1F0059F6E7C3}"
EndProject
Project("{2150E333-8FDC-42A3-9474-1A3956D46DE8}") = "Hosts", "Hosts", "{1774061E-557D-488B-8F6A-84059D897AD3}"
EndProject
Project("{2150E333-8FDC-42A3-9474-1A3956D46DE8}") = "Infrastructure", "Infrastructure", "{267F9915-13C8-4C73-8357-B219D341A989}"
EndProject
Project("{9A19103F-16F7-4668-BE54-9A1E7A4F7556}") = "JurChat.Client.Infrastructure.EntityFramework", "JurChat.Client.Infrastructure.EntityFramework\JurChat.Client.Infrastructure.EntityFramework.csproj", "{257E37DA-6B59-497D-95ED-F6A37690D382}"
EndProject
Project("{2150E333-8FDC-42A3-9474-1A3956D46DE8}") = "Presentation", "Presentation", "{D7563FC6-7535-4FEE-857C-12F9F823559B}"
EndProject
Project("{2150E333-8FDC-42A3-9474-1A3956D46DE8}") = "Services", "Services", "{82BE16BA-2586-4678-90B3-398A685644ED}"
EndProject
Project("{2150E333-8FDC-42A3-9474-1A3956D46DE8}") = "Services", "Services", "{116FA0F0-7049-4164-93F5-DC71D8E8E3DF}"
EndProject
Project("{9A19103F-16F7-4668-BE54-9A1E7A4F7556}") = "JurChat.Server.Services.Abstractions", "JurChat.Server.Services.Abstrations\JurChat.Server.Services.Abstractions.csproj", "{760850FE-F6B2-469F-9F52-443208F422F2}"
EndProject
Project("{9A19103F-16F7-4668-BE54-9A1E7A4F7556}") = "JurChat.Server.Services.Contracts", "JurChat.Server.Services.Contracts\JurChat.Server.Services.Contracts.csproj", "{13CEE7B8-8B71-4194-AB45-828379245BD1}"
EndProject
Project("{9A19103F-16F7-4668-BE54-9A1E7A4F7556}") = "JurChat.Server.Services.Implementations", "JurChat.Server.Services.Implementations\JurChat.Server.Services.Implementations.csproj", "{3AD669EA-AF4E-4426-A0B2-7E1799A0E46E}"
EndProject
Project("{9A19103F-16F7-4668-BE54-9A1E7A4F7556}") = "JurChat.Server.Services.Repositories.Abstractions", "JurChat.Server.Services.Repositories.Abstractions\JurChat.Server.Services.Repositories.Abstractions.csproj", "{A1D27952-5CF1-46FB-A4E9-30500CCD09ED}"
EndProject
Global
	GlobalSection(SolutionConfigurationPlatforms) = preSolution
		Debug|Any CPU = Debug|Any CPU
		Release|Any CPU = Release|Any CPU
	EndGlobalSection
	GlobalSection(ProjectConfigurationPlatforms) = postSolution
		{9EAA115F-B423-42D7-8602-81F477323975}.Debug|Any CPU.ActiveCfg = Debug|Any CPU
		{9EAA115F-B423-42D7-8602-81F477323975}.Debug|Any CPU.Build.0 = Debug|Any CPU
		{9EAA115F-B423-42D7-8602-81F477323975}.Release|Any CPU.ActiveCfg = Release|Any CPU
		{9EAA115F-B423-42D7-8602-81F477323975}.Release|Any CPU.Build.0 = Release|Any CPU
		{6973D5EE-9615-409F-924D-BBABF46AD231}.Debug|Any CPU.ActiveCfg = Debug|Any CPU
		{6973D5EE-9615-409F-924D-BBABF46AD231}.Debug|Any CPU.Build.0 = Debug|Any CPU
		{6973D5EE-9615-409F-924D-BBABF46AD231}.Release|Any CPU.ActiveCfg = Release|Any CPU
		{6973D5EE-9615-409F-924D-BBABF46AD231}.Release|Any CPU.Build.0 = Release|Any CPU
		{B9F11FD4-29DB-46C1-AFA2-7EB17EE5F6AF}.Debug|Any CPU.ActiveCfg = Debug|Any CPU
		{B9F11FD4-29DB-46C1-AFA2-7EB17EE5F6AF}.Debug|Any CPU.Build.0 = Debug|Any CPU
		{B9F11FD4-29DB-46C1-AFA2-7EB17EE5F6AF}.Release|Any CPU.ActiveCfg = Release|Any CPU
		{B9F11FD4-29DB-46C1-AFA2-7EB17EE5F6AF}.Release|Any CPU.Build.0 = Release|Any CPU
		{B7C07AA7-48C6-46D4-BFC6-7F35B8ABEF2D}.Debug|Any CPU.ActiveCfg = Debug|Any CPU
		{B7C07AA7-48C6-46D4-BFC6-7F35B8ABEF2D}.Debug|Any CPU.Build.0 = Debug|Any CPU
		{B7C07AA7-48C6-46D4-BFC6-7F35B8ABEF2D}.Release|Any CPU.ActiveCfg = Release|Any CPU
		{B7C07AA7-48C6-46D4-BFC6-7F35B8ABEF2D}.Release|Any CPU.Build.0 = Release|Any CPU
		{5599A60C-99DC-41DD-A4EA-05D4CF8579E4}.Debug|Any CPU.ActiveCfg = Debug|Any CPU
		{5599A60C-99DC-41DD-A4EA-05D4CF8579E4}.Debug|Any CPU.Build.0 = Debug|Any CPU
		{5599A60C-99DC-41DD-A4EA-05D4CF8579E4}.Release|Any CPU.ActiveCfg = Release|Any CPU
		{5599A60C-99DC-41DD-A4EA-05D4CF8579E4}.Release|Any CPU.Build.0 = Release|Any CPU
		{60AF23E2-90FA-493C-A195-7445AEEC543B}.Debug|Any CPU.ActiveCfg = Debug|Any CPU
		{60AF23E2-90FA-493C-A195-7445AEEC543B}.Debug|Any CPU.Build.0 = Debug|Any CPU
		{60AF23E2-90FA-493C-A195-7445AEEC543B}.Release|Any CPU.ActiveCfg = Release|Any CPU
		{60AF23E2-90FA-493C-A195-7445AEEC543B}.Release|Any CPU.Build.0 = Release|Any CPU
		{F7576A32-AF81-4868-85C3-1F0059F6E7C3}.Debug|Any CPU.ActiveCfg = Debug|Any CPU
		{F7576A32-AF81-4868-85C3-1F0059F6E7C3}.Debug|Any CPU.Build.0 = Debug|Any CPU
		{F7576A32-AF81-4868-85C3-1F0059F6E7C3}.Release|Any CPU.ActiveCfg = Release|Any CPU
		{F7576A32-AF81-4868-85C3-1F0059F6E7C3}.Release|Any CPU.Build.0 = Release|Any CPU
		{257E37DA-6B59-497D-95ED-F6A37690D382}.Debug|Any CPU.ActiveCfg = Debug|Any CPU
		{257E37DA-6B59-497D-95ED-F6A37690D382}.Debug|Any CPU.Build.0 = Debug|Any CPU
		{257E37DA-6B59-497D-95ED-F6A37690D382}.Release|Any CPU.ActiveCfg = Release|Any CPU
		{257E37DA-6B59-497D-95ED-F6A37690D382}.Release|Any CPU.Build.0 = Release|Any CPU
		{760850FE-F6B2-469F-9F52-443208F422F2}.Debug|Any CPU.ActiveCfg = Debug|Any CPU
		{760850FE-F6B2-469F-9F52-443208F422F2}.Debug|Any CPU.Build.0 = Debug|Any CPU
		{760850FE-F6B2-469F-9F52-443208F422F2}.Release|Any CPU.ActiveCfg = Release|Any CPU
		{760850FE-F6B2-469F-9F52-443208F422F2}.Release|Any CPU.Build.0 = Release|Any CPU
		{13CEE7B8-8B71-4194-AB45-828379245BD1}.Debug|Any CPU.ActiveCfg = Debug|Any CPU
		{13CEE7B8-8B71-4194-AB45-828379245BD1}.Debug|Any CPU.Build.0 = Debug|Any CPU
		{13CEE7B8-8B71-4194-AB45-828379245BD1}.Release|Any CPU.ActiveCfg = Release|Any CPU
		{13CEE7B8-8B71-4194-AB45-828379245BD1}.Release|Any CPU.Build.0 = Release|Any CPU
		{3AD669EA-AF4E-4426-A0B2-7E1799A0E46E}.Debug|Any CPU.ActiveCfg = Debug|Any CPU
		{3AD669EA-AF4E-4426-A0B2-7E1799A0E46E}.Debug|Any CPU.Build.0 = Debug|Any CPU
		{3AD669EA-AF4E-4426-A0B2-7E1799A0E46E}.Release|Any CPU.ActiveCfg = Release|Any CPU
		{3AD669EA-AF4E-4426-A0B2-7E1799A0E46E}.Release|Any CPU.Build.0 = Release|Any CPU
		{A1D27952-5CF1-46FB-A4E9-30500CCD09ED}.Debug|Any CPU.ActiveCfg = Debug|Any CPU
		{A1D27952-5CF1-46FB-A4E9-30500CCD09ED}.Debug|Any CPU.Build.0 = Debug|Any CPU
		{A1D27952-5CF1-46FB-A4E9-30500CCD09ED}.Release|Any CPU.ActiveCfg = Release|Any CPU
		{A1D27952-5CF1-46FB-A4E9-30500CCD09ED}.Release|Any CPU.Build.0 = Release|Any CPU
	EndGlobalSection
	GlobalSection(SolutionProperties) = preSolution
		HideSolutionNode = FALSE
	EndGlobalSection
	GlobalSection(NestedProjects) = preSolution
		{9EAA115F-B423-42D7-8602-81F477323975} = {D7563FC6-7535-4FEE-857C-12F9F823559B}
		{6973D5EE-9615-409F-924D-BBABF46AD231} = {D7563FC6-7535-4FEE-857C-12F9F823559B}
		{B9F11FD4-29DB-46C1-AFA2-7EB17EE5F6AF} = {D7563FC6-7535-4FEE-857C-12F9F823559B}
		{B7C07AA7-48C6-46D4-BFC6-7F35B8ABEF2D} = {1774061E-557D-488B-8F6A-84059D897AD3}
		{5599A60C-99DC-41DD-A4EA-05D4CF8579E4} = {89C923C0-6A5E-4F93-A394-8357C42165AD}
		{0B3A8409-F217-418F-9FA4-41AECE8400AA} = {E3B44980-1980-4F84-8074-902E1C620BF6}
		{60AF23E2-90FA-493C-A195-7445AEEC543B} = {0B3A8409-F217-418F-9FA4-41AECE8400AA}
		{F7576A32-AF81-4868-85C3-1F0059F6E7C3} = {0B3A8409-F217-418F-9FA4-41AECE8400AA}
		{1774061E-557D-488B-8F6A-84059D897AD3} = {E3B44980-1980-4F84-8074-902E1C620BF6}
		{267F9915-13C8-4C73-8357-B219D341A989} = {102F0552-6FA3-48C7-B52D-211128073B2C}
		{257E37DA-6B59-497D-95ED-F6A37690D382} = {267F9915-13C8-4C73-8357-B219D341A989}
		{D7563FC6-7535-4FEE-857C-12F9F823559B} = {102F0552-6FA3-48C7-B52D-211128073B2C}
		{82BE16BA-2586-4678-90B3-398A685644ED} = {102F0552-6FA3-48C7-B52D-211128073B2C}
		{116FA0F0-7049-4164-93F5-DC71D8E8E3DF} = {E3B44980-1980-4F84-8074-902E1C620BF6}
		{760850FE-F6B2-469F-9F52-443208F422F2} = {116FA0F0-7049-4164-93F5-DC71D8E8E3DF}
		{13CEE7B8-8B71-4194-AB45-828379245BD1} = {116FA0F0-7049-4164-93F5-DC71D8E8E3DF}
		{3AD669EA-AF4E-4426-A0B2-7E1799A0E46E} = {116FA0F0-7049-4164-93F5-DC71D8E8E3DF}
		{A1D27952-5CF1-46FB-A4E9-30500CCD09ED} = {116FA0F0-7049-4164-93F5-DC71D8E8E3DF}
	EndGlobalSection
	GlobalSection(ExtensibilityGlobals) = postSolution
		SolutionGuid = {912A4A34-D5A8-4E2E-9136-52A6D7809B2D}
	EndGlobalSection
EndGlobal
